
Microsoft Visual Studio Solution File, Format Version 12.00
# Visual Studio Version 16
VisualStudioVersion = 16.0.30611.23
MinimumVisualStudioVersion = 10.0.40219.1
Project("{9A19103F-16F7-4668-BE54-9A1E7A4F7556}") = "NopFarsi.Payment.SizPay", "NopFarsi.Payment.SizPay.csproj", "{61A05F20-98CD-4A8E-9C09-652C077DA0FC}"
EndProject
Global
	GlobalSection(SolutionConfigurationPlatforms) = preSolution
		Debug|Any CPU = Debug|Any CPU
		Release|Any CPU = Release|Any CPU
	EndGlobalSection
	GlobalSection(ProjectConfigurationPlatforms) = postSolution
		{61A05F20-98CD-4A8E-9C09-652C077DA0FC}.Debug|Any CPU.ActiveCfg = Debug|Any CPU
		{61A05F20-98CD-4A8E-9C09-652C077DA0FC}.Debug|Any CPU.Build.0 = Debug|Any CPU
		{61A05F20-98CD-4A8E-9C09-652C077DA0FC}.Release|Any CPU.ActiveCfg = Release|Any CPU
		{61A05F20-98CD-4A8E-9C09-652C077DA0FC}.Release|Any CPU.Build.0 = Release|Any CPU
	EndGlobalSection
	GlobalSection(SolutionProperties) = preSolution
		HideSolutionNode = FALSE
	EndGlobalSection
	GlobalSection(ExtensibilityGlobals) = postSolution
		SolutionGuid = {CD49F08B-C3A9-429B-8DE8-24371B5154C5}
	EndGlobalSection
EndGlobal
